
Microsoft Visual Studio Solution File, Format Version 12.00
# Visual Studio Version 17
VisualStudioVersion = 17.3.32825.248
MinimumVisualStudioVersion = 10.0.40219.1
Project("{FAE04EC0-301F-11D3-BF4B-00C04F79EFBC}") = "HighAndLowApp", "HighAndLowApp\HighAndLowApp.csproj", "{CE08497A-3E04-474D-AE49-07990B013C19}"
EndProject
Global
	GlobalSection(SolutionConfigurationPlatforms) = preSolution
		Debug|Any CPU = Debug|Any CPU
		Release|Any CPU = Release|Any CPU
	EndGlobalSection
	GlobalSection(ProjectConfigurationPlatforms) = postSolution
		{CE08497A-3E04-474D-AE49-07990B013C19}.Debug|Any CPU.ActiveCfg = Debug|Any CPU
		{CE08497A-3E04-474D-AE49-07990B013C19}.Debug|Any CPU.Build.0 = Debug|Any CPU
		{CE08497A-3E04-474D-AE49-07990B013C19}.Release|Any CPU.ActiveCfg = Release|Any CPU
		{CE08497A-3E04-474D-AE49-07990B013C19}.Release|Any CPU.Build.0 = Release|Any CPU
	EndGlobalSection
	GlobalSection(SolutionProperties) = preSolution
		HideSolutionNode = FALSE
	EndGlobalSection
	GlobalSection(ExtensibilityGlobals) = postSolution
		SolutionGuid = {BAB44CA7-5211-4B7E-9FF0-B50BD34885E1}
	EndGlobalSection
EndGlobal
